// !$*UTF8*$!
{
	archiveVersion = 1;
	classes = {
	};
	objectVersion = 46;
	objects = {

/* Begin PBXBuildFile section */
		9E3C8ECA1AADE34800AAE8D9 /* libGLEW.a in Frameworks */ = {isa = PBXBuildFile; fileRef = 9E3C8EC71AADE34800AAE8D9 /* libGLEW.a */; };
		9E3C8ECB1AADE34800AAE8D9 /* libglfw3.a in Frameworks */ = {isa = PBXBuildFile; fileRef = 9E3C8EC81AADE34800AAE8D9 /* libglfw3.a */; };
		9E3C8ECC1AADE34800AAE8D9 /* libpng16.a in Frameworks */ = {isa = PBXBuildFile; fileRef = 9E3C8EC91AADE34800AAE8D9 /* libpng16.a */; };
		9E3C8ECE1AADE3A300AAE8D9 /* OpenGL.framework in Frameworks */ = {isa = PBXBuildFile; fileRef = 9E3C8ECD1AADE3A300AAE8D9 /* OpenGL.framework */; };
		9E3C8ED01AADE45300AAE8D9 /* IOKit.framework in Frameworks */ = {isa = PBXBuildFile; fileRef = 9E3C8ECF1AADE45300AAE8D9 /* IOKit.framework */; };
		9E3C8ED21AADE46000AAE8D9 /* Cocoa.framework in Frameworks */ = {isa = PBXBuildFile; fileRef = 9E3C8ED11AADE46000AAE8D9 /* Cocoa.framework */; };
		9E3C8ED41AADE47A00AAE8D9 /* CoreVideo.framework in Frameworks */ = {isa = PBXBuildFile; fileRef = 9E3C8ED31AADE47A00AAE8D9 /* CoreVideo.framework */; };
		9E3C8ED61AADE48900AAE8D9 /* Carbon.framework in Frameworks */ = {isa = PBXBuildFile; fileRef = 9E3C8ED51AADE48900AAE8D9 /* Carbon.framework */; };
		9E3C8ED81AADE59C00AAE8D9 /* libz.dylib in Frameworks */ = {isa = PBXBuildFile; fileRef = 9E3C8ED71AADE59C00AAE8D9 /* libz.dylib */; };
		9E3C8EE21AAF31E900AAE8D9 /* main.cpp in Sources */ = {isa = PBXBuildFile; fileRef = 9E3C8EE01AAF31E900AAE8D9 /* main.cpp */; };
		9E3C8F081AB31EA500AAE8D9 /* DisplayObject.cpp in Sources */ = {isa = PBXBuildFile; fileRef = 9E3C8EF71AB31EA500AAE8D9 /* DisplayObject.cpp */; };
		9E3C8F091AB31EA500AAE8D9 /* Matrix.cpp in Sources */ = {isa = PBXBuildFile; fileRef = 9E3C8EFC1AB31EA500AAE8D9 /* Matrix.cpp */; };
		9E3C8F0A1AB31EA500AAE8D9 /* Point.cpp in Sources */ = {isa = PBXBuildFile; fileRef = 9E3C8EFE1AB31EA500AAE8D9 /* Point.cpp */; };
		9E3C8F0B1AB31EA500AAE8D9 /* Rectangle.cpp in Sources */ = {isa = PBXBuildFile; fileRef = 9E3C8F001AB31EA500AAE8D9 /* Rectangle.cpp */; };
		9E3C8F0C1AB31EA500AAE8D9 /* Console.cpp in Sources */ = {isa = PBXBuildFile; fileRef = 9E3C8F041AB31EA500AAE8D9 /* Console.cpp */; };
		9E3C8F0D1AB31EA500AAE8D9 /* VertexData.cpp in Sources */ = {isa = PBXBuildFile; fileRef = 9E3C8F061AB31EA500AAE8D9 /* VertexData.cpp */; };
		9E6F86C41AC2DFDA001D1D75 /* Context.cpp in Sources */ = {isa = PBXBuildFile; fileRef = 9E6F86C21AC2DFDA001D1D75 /* Context.cpp */; };
		9E6F86CC1AC67344001D1D75 /* AutoreleasePool.cpp in Sources */ = {isa = PBXBuildFile; fileRef = 9E6F86CA1AC67344001D1D75 /* AutoreleasePool.cpp */; };
		9EB272721AB8560D00D5A855 /* BaseEffect.cpp in Sources */ = {isa = PBXBuildFile; fileRef = 9EB2726E1AB8560D00D5A855 /* BaseEffect.cpp */; };
		9EB272731AB8560D00D5A855 /* Program.cpp in Sources */ = {isa = PBXBuildFile; fileRef = 9EB272701AB8560D00D5A855 /* Program.cpp */; };
		9EB2727E1AB8815500D5A855 /* GLTexture.cpp in Sources */ = {isa = PBXBuildFile; fileRef = 9EB272761AB8815500D5A855 /* GLTexture.cpp */; };
		9EB2727F1AB8815500D5A855 /* SubTexture.cpp in Sources */ = {isa = PBXBuildFile; fileRef = 9EB272781AB8815500D5A855 /* SubTexture.cpp */; };
		9EB272801AB8815500D5A855 /* Texture.cpp in Sources */ = {isa = PBXBuildFile; fileRef = 9EB2727A1AB8815500D5A855 /* Texture.cpp */; };
		9EB272811AB8815500D5A855 /* TextureCache.cpp in Sources */ = {isa = PBXBuildFile; fileRef = 9EB2727C1AB8815500D5A855 /* TextureCache.cpp */; };
		9EB272841AB8817F00D5A855 /* ProgramCache.cpp in Sources */ = {isa = PBXBuildFile; fileRef = 9EB272821AB8817F00D5A855 /* ProgramCache.cpp */; };
		9EB272871ABB05A700D5A855 /* Sprite.cpp in Sources */ = {isa = PBXBuildFile; fileRef = 9EB272851ABB05A700D5A855 /* Sprite.cpp */; };
		9EB2728A1ABB05BD00D5A855 /* RenderState.cpp in Sources */ = {isa = PBXBuildFile; fileRef = 9EB272881ABB05BD00D5A855 /* RenderState.cpp */; };
		9EB272CF1ABB05DF00D5A855 /* Game.cpp in Sources */ = {isa = PBXBuildFile; fileRef = 9EB272A01ABB05DF00D5A855 /* Game.cpp */; };
		9EB272E21ABB0BB500D5A855 /* Image.cpp in Sources */ = {isa = PBXBuildFile; fileRef = 9EB272E01ABB0BB500D5A855 /* Image.cpp */; };
		9ED4E5861AB340A500706363 /* DisplayObjectContainer.cpp in Sources */ = {isa = PBXBuildFile; fileRef = 9ED4E5851AB340A500706363 /* DisplayObjectContainer.cpp */; };
		9ED4E58C1AB468B100706363 /* BlendMode.cpp in Sources */ = {isa = PBXBuildFile; fileRef = 9ED4E5871AB468B100706363 /* BlendMode.cpp */; };
		9ED4E58D1AB468B100706363 /* Quad.cpp in Sources */ = {isa = PBXBuildFile; fileRef = 9ED4E5891AB468B100706363 /* Quad.cpp */; };
		9ED4E58E1AB468B100706363 /* Stage.cpp in Sources */ = {isa = PBXBuildFile; fileRef = 9ED4E58B1AB468B100706363 /* Stage.cpp */; };
		9ED4E5921AB46E5900706363 /* RenderSupport.cpp in Sources */ = {isa = PBXBuildFile; fileRef = 9ED4E5901AB46E5900706363 /* RenderSupport.cpp */; };
		9EFAEB551AB7182300ECB5D3 /* PVRData.cpp in Sources */ = {isa = PBXBuildFile; fileRef = 9EFAEB511AB7182300ECB5D3 /* PVRData.cpp */; };
		9EFAEB561AB7182300ECB5D3 /* Utils.cpp in Sources */ = {isa = PBXBuildFile; fileRef = 9EFAEB531AB7182300ECB5D3 /* Utils.cpp */; };
		9EFAEB591AB71A9C00ECB5D3 /* QuadBatch.cpp in Sources */ = {isa = PBXBuildFile; fileRef = 9EFAEB571AB71A9C00ECB5D3 /* QuadBatch.cpp */; };
/* End PBXBuildFile section */

/* Begin PBXCopyFilesBuildPhase section */
		9E697C541AADCFBD0016FFF2 /* Embed Frameworks */ = {
			isa = PBXCopyFilesBuildPhase;
			buildActionMask = 12;
			dstPath = "";
			dstSubfolderSpec = 10;
			files = (
			);
			name = "Embed Frameworks";
			runOnlyForDeploymentPostprocessing = 0;
		};
/* End PBXCopyFilesBuildPhase section */

/* Begin PBXFileReference section */
		9E1D66C21A947D88002BD912 /* xGame2D.app */ = {isa = PBXFileReference; explicitFileType = wrapper.application; includeInIndex = 0; path = xGame2D.app; sourceTree = BUILT_PRODUCTS_DIR; };
		9E3C8EC71AADE34800AAE8D9 /* libGLEW.a */ = {isa = PBXFileReference; lastKnownFileType = archive.ar; name = libGLEW.a; path = "../third-party/mac/lib/libGLEW.a"; sourceTree = "<group>"; };
		9E3C8EC81AADE34800AAE8D9 /* libglfw3.a */ = {isa = PBXFileReference; lastKnownFileType = archive.ar; name = libglfw3.a; path = "../third-party/mac/lib/libglfw3.a"; sourceTree = "<group>"; };
		9E3C8EC91AADE34800AAE8D9 /* libpng16.a */ = {isa = PBXFileReference; lastKnownFileType = archive.ar; name = libpng16.a; path = "../third-party/mac/lib/libpng16.a"; sourceTree = "<group>"; };
		9E3C8ECD1AADE3A300AAE8D9 /* OpenGL.framework */ = {isa = PBXFileReference; lastKnownFileType = wrapper.framework; name = OpenGL.framework; path = System/Library/Frameworks/OpenGL.framework; sourceTree = SDKROOT; };
		9E3C8ECF1AADE45300AAE8D9 /* IOKit.framework */ = {isa = PBXFileReference; lastKnownFileType = wrapper.framework; name = IOKit.framework; path = System/Library/Frameworks/IOKit.framework; sourceTree = SDKROOT; };
		9E3C8ED11AADE46000AAE8D9 /* Cocoa.framework */ = {isa = PBXFileReference; lastKnownFileType = wrapper.framework; name = Cocoa.framework; path = System/Library/Frameworks/Cocoa.framework; sourceTree = SDKROOT; };
		9E3C8ED31AADE47A00AAE8D9 /* CoreVideo.framework */ = {isa = PBXFileReference; lastKnownFileType = wrapper.framework; name = CoreVideo.framework; path = System/Library/Frameworks/CoreVideo.framework; sourceTree = SDKROOT; };
		9E3C8ED51AADE48900AAE8D9 /* Carbon.framework */ = {isa = PBXFileReference; lastKnownFileType = wrapper.framework; name = Carbon.framework; path = System/Library/Frameworks/Carbon.framework; sourceTree = SDKROOT; };
		9E3C8ED71AADE59C00AAE8D9 /* libz.dylib */ = {isa = PBXFileReference; lastKnownFileType = "compiled.mach-o.dylib"; name = libz.dylib; path = usr/lib/libz.dylib; sourceTree = SDKROOT; };
		9E3C8EDF1AAF31E900AAE8D9 /* Info.plist */ = {isa = PBXFileReference; fileEncoding = 4; lastKnownFileType = text.plist.xml; path = Info.plist; sourceTree = "<group>"; };
		9E3C8EE01AAF31E900AAE8D9 /* main.cpp */ = {isa = PBXFileReference; fileEncoding = 4; lastKnownFileType = sourcecode.cpp.cpp; path = main.cpp; sourceTree = "<group>"; };
		9E3C8EF71AB31EA500AAE8D9 /* DisplayObject.cpp */ = {isa = PBXFileReference; fileEncoding = 4; lastKnownFileType = sourcecode.cpp.cpp; path = DisplayObject.cpp; sourceTree = "<group>"; };
		9E3C8EF81AB31EA500AAE8D9 /* DisplayObject.h */ = {isa = PBXFileReference; fileEncoding = 4; lastKnownFileType = sourcecode.c.h; path = DisplayObject.h; sourceTree = "<group>"; };
		9E3C8EF91AB31EA500AAE8D9 /* DisplayObjectContainer.h */ = {isa = PBXFileReference; fileEncoding = 4; lastKnownFileType = sourcecode.c.h; path = DisplayObjectContainer.h; sourceTree = "<group>"; };
		9E3C8EFA1AB31EA500AAE8D9 /* Stage.h */ = {isa = PBXFileReference; fileEncoding = 4; lastKnownFileType = sourcecode.c.h; path = Stage.h; sourceTree = "<group>"; };
		9E3C8EFC1AB31EA500AAE8D9 /* Matrix.cpp */ = {isa = PBXFileReference; fileEncoding = 4; lastKnownFileType = sourcecode.cpp.cpp; path = Matrix.cpp; sourceTree = "<group>"; };
		9E3C8EFD1AB31EA500AAE8D9 /* Matrix.h */ = {isa = PBXFileReference; fileEncoding = 4; lastKnownFileType = sourcecode.c.h; path = Matrix.h; sourceTree = "<group>"; };
		9E3C8EFE1AB31EA500AAE8D9 /* Point.cpp */ = {isa = PBXFileReference; fileEncoding = 4; lastKnownFileType = sourcecode.cpp.cpp; path = Point.cpp; sourceTree = "<group>"; };
		9E3C8EFF1AB31EA500AAE8D9 /* Point.h */ = {isa = PBXFileReference; fileEncoding = 4; lastKnownFileType = sourcecode.c.h; path = Point.h; sourceTree = "<group>"; };
		9E3C8F001AB31EA500AAE8D9 /* Rectangle.cpp */ = {isa = PBXFileReference; fileEncoding = 4; lastKnownFileType = sourcecode.cpp.cpp; path = Rectangle.cpp; sourceTree = "<group>"; };
		9E3C8F011AB31EA500AAE8D9 /* Rectangle.h */ = {isa = PBXFileReference; fileEncoding = 4; lastKnownFileType = sourcecode.c.h; path = Rectangle.h; sourceTree = "<group>"; };
		9E3C8F031AB31EA500AAE8D9 /* Align.h */ = {isa = PBXFileReference; fileEncoding = 4; lastKnownFileType = sourcecode.c.h; path = Align.h; sourceTree = "<group>"; };
		9E3C8F041AB31EA500AAE8D9 /* Console.cpp */ = {isa = PBXFileReference; fileEncoding = 4; lastKnownFileType = sourcecode.cpp.cpp; path = Console.cpp; sourceTree = "<group>"; };
		9E3C8F051AB31EA500AAE8D9 /* Console.h */ = {isa = PBXFileReference; fileEncoding = 4; lastKnownFileType = sourcecode.c.h; path = Console.h; sourceTree = "<group>"; };
		9E3C8F061AB31EA500AAE8D9 /* VertexData.cpp */ = {isa = PBXFileReference; fileEncoding = 4; lastKnownFileType = sourcecode.cpp.cpp; path = VertexData.cpp; sourceTree = "<group>"; };
		9E3C8F071AB31EA500AAE8D9 /* VertexData.h */ = {isa = PBXFileReference; fileEncoding = 4; lastKnownFileType = sourcecode.c.h; path = VertexData.h; sourceTree = "<group>"; };
		9E6F86C21AC2DFDA001D1D75 /* Context.cpp */ = {isa = PBXFileReference; fileEncoding = 4; lastKnownFileType = sourcecode.cpp.cpp; path = Context.cpp; sourceTree = "<group>"; };
		9E6F86C31AC2DFDA001D1D75 /* Context.h */ = {isa = PBXFileReference; fileEncoding = 4; lastKnownFileType = sourcecode.c.h; path = Context.h; sourceTree = "<group>"; };
		9E6F86CA1AC67344001D1D75 /* AutoreleasePool.cpp */ = {isa = PBXFileReference; fileEncoding = 4; lastKnownFileType = sourcecode.cpp.cpp; path = AutoreleasePool.cpp; sourceTree = "<group>"; };
		9E6F86CB1AC67344001D1D75 /* AutoreleasePool.h */ = {isa = PBXFileReference; fileEncoding = 4; lastKnownFileType = sourcecode.c.h; path = AutoreleasePool.h; sourceTree = "<group>"; };
		9EB2726E1AB8560D00D5A855 /* BaseEffect.cpp */ = {isa = PBXFileReference; fileEncoding = 4; lastKnownFileType = sourcecode.cpp.cpp; path = BaseEffect.cpp; sourceTree = "<group>"; };
		9EB2726F1AB8560D00D5A855 /* BaseEffect.h */ = {isa = PBXFileReference; fileEncoding = 4; lastKnownFileType = sourcecode.c.h; path = BaseEffect.h; sourceTree = "<group>"; };
		9EB272701AB8560D00D5A855 /* Program.cpp */ = {isa = PBXFileReference; fileEncoding = 4; lastKnownFileType = sourcecode.cpp.cpp; path = Program.cpp; sourceTree = "<group>"; };
		9EB272711AB8560D00D5A855 /* Program.h */ = {isa = PBXFileReference; fileEncoding = 4; lastKnownFileType = sourcecode.c.h; path = Program.h; sourceTree = "<group>"; };
		9EB272761AB8815500D5A855 /* GLTexture.cpp */ = {isa = PBXFileReference; fileEncoding = 4; lastKnownFileType = sourcecode.cpp.cpp; path = GLTexture.cpp; sourceTree = "<group>"; };
		9EB272771AB8815500D5A855 /* GLTexture.h */ = {isa = PBXFileReference; fileEncoding = 4; lastKnownFileType = sourcecode.c.h; path = GLTexture.h; sourceTree = "<group>"; };
		9EB272781AB8815500D5A855 /* SubTexture.cpp */ = {isa = PBXFileReference; fileEncoding = 4; lastKnownFileType = sourcecode.cpp.cpp; path = SubTexture.cpp; sourceTree = "<group>"; };
		9EB272791AB8815500D5A855 /* SubTexture.h */ = {isa = PBXFileReference; fileEncoding = 4; lastKnownFileType = sourcecode.c.h; path = SubTexture.h; sourceTree = "<group>"; };
		9EB2727A1AB8815500D5A855 /* Texture.cpp */ = {isa = PBXFileReference; fileEncoding = 4; lastKnownFileType = sourcecode.cpp.cpp; path = Texture.cpp; sourceTree = "<group>"; };
		9EB2727B1AB8815500D5A855 /* Texture.h */ = {isa = PBXFileReference; fileEncoding = 4; lastKnownFileType = sourcecode.c.h; path = Texture.h; sourceTree = "<group>"; };
		9EB2727C1AB8815500D5A855 /* TextureCache.cpp */ = {isa = PBXFileReference; fileEncoding = 4; lastKnownFileType = sourcecode.cpp.cpp; path = TextureCache.cpp; sourceTree = "<group>"; };
		9EB2727D1AB8815500D5A855 /* TextureCache.h */ = {isa = PBXFileReference; fileEncoding = 4; lastKnownFileType = sourcecode.c.h; path = TextureCache.h; sourceTree = "<group>"; };
		9EB272821AB8817F00D5A855 /* ProgramCache.cpp */ = {isa = PBXFileReference; fileEncoding = 4; lastKnownFileType = sourcecode.cpp.cpp; path = ProgramCache.cpp; sourceTree = "<group>"; };
		9EB272831AB8817F00D5A855 /* ProgramCache.h */ = {isa = PBXFileReference; fileEncoding = 4; lastKnownFileType = sourcecode.c.h; path = ProgramCache.h; sourceTree = "<group>"; };
		9EB272851ABB05A700D5A855 /* Sprite.cpp */ = {isa = PBXFileReference; fileEncoding = 4; lastKnownFileType = sourcecode.cpp.cpp; path = Sprite.cpp; sourceTree = "<group>"; };
		9EB272861ABB05A700D5A855 /* Sprite.h */ = {isa = PBXFileReference; fileEncoding = 4; lastKnownFileType = sourcecode.c.h; path = Sprite.h; sourceTree = "<group>"; };
		9EB272881ABB05BD00D5A855 /* RenderState.cpp */ = {isa = PBXFileReference; fileEncoding = 4; lastKnownFileType = sourcecode.cpp.cpp; path = RenderState.cpp; sourceTree = "<group>"; };
		9EB272891ABB05BD00D5A855 /* RenderState.h */ = {isa = PBXFileReference; fileEncoding = 4; lastKnownFileType = sourcecode.c.h; path = RenderState.h; sourceTree = "<group>"; };
		9EB2728C1ABB05DF00D5A855 /* Copying.h */ = {isa = PBXFileReference; fileEncoding = 4; lastKnownFileType = sourcecode.c.h; path = Copying.h; sourceTree = "<group>"; };
		9EB2728D1ABB05DF00D5A855 /* Data.h */ = {isa = PBXFileReference; fileEncoding = 4; lastKnownFileType = sourcecode.c.h; path = Data.h; sourceTree = "<group>"; };
		9EB2728E1ABB05DF00D5A855 /* Math.h */ = {isa = PBXFileReference; fileEncoding = 4; lastKnownFileType = sourcecode.c.h; path = Math.h; sourceTree = "<group>"; };
		9EB2728F1ABB05DF00D5A855 /* Object.h */ = {isa = PBXFileReference; fileEncoding = 4; lastKnownFileType = sourcecode.c.h; path = Object.h; sourceTree = "<group>"; };
		9EB272901ABB05DF00D5A855 /* Platform.h */ = {isa = PBXFileReference; fileEncoding = 4; lastKnownFileType = sourcecode.c.h; path = Platform.h; sourceTree = "<group>"; };
		9EB272A01ABB05DF00D5A855 /* Game.cpp */ = {isa = PBXFileReference; fileEncoding = 4; lastKnownFileType = sourcecode.cpp.cpp; path = Game.cpp; sourceTree = "<group>"; };
		9EB272A11ABB05DF00D5A855 /* Game.h */ = {isa = PBXFileReference; fileEncoding = 4; lastKnownFileType = sourcecode.c.h; path = Game.h; sourceTree = "<group>"; };
		9EB272E01ABB0BB500D5A855 /* Image.cpp */ = {isa = PBXFileReference; fileEncoding = 4; lastKnownFileType = sourcecode.cpp.cpp; path = Image.cpp; sourceTree = "<group>"; };
		9EB272E11ABB0BB500D5A855 /* Image.h */ = {isa = PBXFileReference; fileEncoding = 4; lastKnownFileType = sourcecode.c.h; path = Image.h; sourceTree = "<group>"; };
		9ED4E5851AB340A500706363 /* DisplayObjectContainer.cpp */ = {isa = PBXFileReference; fileEncoding = 4; lastKnownFileType = sourcecode.cpp.cpp; path = DisplayObjectContainer.cpp; sourceTree = "<group>"; };
		9ED4E5871AB468B100706363 /* BlendMode.cpp */ = {isa = PBXFileReference; fileEncoding = 4; lastKnownFileType = sourcecode.cpp.cpp; path = BlendMode.cpp; sourceTree = "<group>"; };
		9ED4E5881AB468B100706363 /* BlendMode.h */ = {isa = PBXFileReference; fileEncoding = 4; lastKnownFileType = sourcecode.c.h; path = BlendMode.h; sourceTree = "<group>"; };
		9ED4E5891AB468B100706363 /* Quad.cpp */ = {isa = PBXFileReference; fileEncoding = 4; lastKnownFileType = sourcecode.cpp.cpp; path = Quad.cpp; sourceTree = "<group>"; };
		9ED4E58A1AB468B100706363 /* Quad.h */ = {isa = PBXFileReference; fileEncoding = 4; lastKnownFileType = sourcecode.c.h; path = Quad.h; sourceTree = "<group>"; };
		9ED4E58B1AB468B100706363 /* Stage.cpp */ = {isa = PBXFileReference; fileEncoding = 4; lastKnownFileType = sourcecode.cpp.cpp; path = Stage.cpp; sourceTree = "<group>"; };
		9ED4E5901AB46E5900706363 /* RenderSupport.cpp */ = {isa = PBXFileReference; fileEncoding = 4; lastKnownFileType = sourcecode.cpp.cpp; path = RenderSupport.cpp; sourceTree = "<group>"; };
		9ED4E5911AB46E5900706363 /* RenderSupport.h */ = {isa = PBXFileReference; fileEncoding = 4; lastKnownFileType = sourcecode.c.h; path = RenderSupport.h; sourceTree = "<group>"; };
		9EFAEB4F1AB7180A00ECB5D3 /* OpenGL.h */ = {isa = PBXFileReference; fileEncoding = 4; lastKnownFileType = sourcecode.c.h; path = OpenGL.h; sourceTree = "<group>"; };
		9EFAEB511AB7182300ECB5D3 /* PVRData.cpp */ = {isa = PBXFileReference; fileEncoding = 4; lastKnownFileType = sourcecode.cpp.cpp; path = PVRData.cpp; sourceTree = "<group>"; };
		9EFAEB521AB7182300ECB5D3 /* PVRData.h */ = {isa = PBXFileReference; fileEncoding = 4; lastKnownFileType = sourcecode.c.h; path = PVRData.h; sourceTree = "<group>"; };
		9EFAEB531AB7182300ECB5D3 /* Utils.cpp */ = {isa = PBXFileReference; fileEncoding = 4; lastKnownFileType = sourcecode.cpp.cpp; path = Utils.cpp; sourceTree = "<group>"; };
		9EFAEB541AB7182300ECB5D3 /* Utils.h */ = {isa = PBXFileReference; fileEncoding = 4; lastKnownFileType = sourcecode.c.h; path = Utils.h; sourceTree = "<group>"; };
		9EFAEB571AB71A9C00ECB5D3 /* QuadBatch.cpp */ = {isa = PBXFileReference; fileEncoding = 4; lastKnownFileType = sourcecode.cpp.cpp; path = QuadBatch.cpp; sourceTree = "<group>"; };
		9EFAEB581AB71A9C00ECB5D3 /* QuadBatch.h */ = {isa = PBXFileReference; fileEncoding = 4; lastKnownFileType = sourcecode.c.h; path = QuadBatch.h; sourceTree = "<group>"; };
/* End PBXFileReference section */

/* Begin PBXFrameworksBuildPhase section */
		9E1D66BF1A947D88002BD912 /* Frameworks */ = {
			isa = PBXFrameworksBuildPhase;
			buildActionMask = 2147483647;
			files = (
				9E3C8ED61AADE48900AAE8D9 /* Carbon.framework in Frameworks */,
				9E3C8ED41AADE47A00AAE8D9 /* CoreVideo.framework in Frameworks */,
				9E3C8ED21AADE46000AAE8D9 /* Cocoa.framework in Frameworks */,
				9E3C8ED01AADE45300AAE8D9 /* IOKit.framework in Frameworks */,
				9E3C8ECE1AADE3A300AAE8D9 /* OpenGL.framework in Frameworks */,
				9E3C8ED81AADE59C00AAE8D9 /* libz.dylib in Frameworks */,
				9E3C8ECA1AADE34800AAE8D9 /* libGLEW.a in Frameworks */,
				9E3C8ECB1AADE34800AAE8D9 /* libglfw3.a in Frameworks */,
				9E3C8ECC1AADE34800AAE8D9 /* libpng16.a in Frameworks */,
			);
			runOnlyForDeploymentPostprocessing = 0;
		};
/* End PBXFrameworksBuildPhase section */

/* Begin PBXGroup section */
		9E1D66B91A947D88002BD912 = {
			isa = PBXGroup;
			children = (
				9E3C8EF11AB31E7600AAE8D9 /* src */,
				9E3C8EDE1AAF31BB00AAE8D9 /* Resources */,
				9EB9E7921AAB2CD4002548FD /* third-party */,
				9E1D66C31A947D88002BD912 /* Products */,
			);
			sourceTree = "<group>";
		};
		9E1D66C31A947D88002BD912 /* Products */ = {
			isa = PBXGroup;
			children = (
				9E1D66C21A947D88002BD912 /* xGame2D.app */,
			);
			name = Products;
			sourceTree = "<group>";
		};
		9E3C8EDE1AAF31BB00AAE8D9 /* Resources */ = {
			isa = PBXGroup;
			children = (
				9E3C8EDF1AAF31E900AAE8D9 /* Info.plist */,
				9E3C8EE01AAF31E900AAE8D9 /* main.cpp */,
			);
			name = Resources;
			sourceTree = "<group>";
		};
		9E3C8EF11AB31E7600AAE8D9 /* src */ = {
			isa = PBXGroup;
			children = (
				9EB2728B1ABB05DF00D5A855 /* base */,
				9E3C8EF61AB31EA500AAE8D9 /* display */,
				9E3C8EFB1AB31EA500AAE8D9 /* geom */,
				9ED4E58F1AB46E2600706363 /* render */,
				9EB272751AB8815500D5A855 /* textures */,
				9E3C8F021AB31EA500AAE8D9 /* util */,
				9EB272A01ABB05DF00D5A855 /* Game.cpp */,
				9EB272A11ABB05DF00D5A855 /* Game.h */,
			);
			name = src;
			path = ../src;
			sourceTree = "<group>";
		};
		9E3C8EF61AB31EA500AAE8D9 /* display */ = {
			isa = PBXGroup;
			children = (
				9ED4E5871AB468B100706363 /* BlendMode.cpp */,
				9ED4E5881AB468B100706363 /* BlendMode.h */,
				9E3C8EF71AB31EA500AAE8D9 /* DisplayObject.cpp */,
				9E3C8EF81AB31EA500AAE8D9 /* DisplayObject.h */,
				9ED4E5851AB340A500706363 /* DisplayObjectContainer.cpp */,
				9E3C8EF91AB31EA500AAE8D9 /* DisplayObjectContainer.h */,
				9EB272E01ABB0BB500D5A855 /* Image.cpp */,
				9EB272E11ABB0BB500D5A855 /* Image.h */,
				9ED4E5891AB468B100706363 /* Quad.cpp */,
				9ED4E58A1AB468B100706363 /* Quad.h */,
				9EFAEB571AB71A9C00ECB5D3 /* QuadBatch.cpp */,
				9EFAEB581AB71A9C00ECB5D3 /* QuadBatch.h */,
				9EB272851ABB05A700D5A855 /* Sprite.cpp */,
				9EB272861ABB05A700D5A855 /* Sprite.h */,
				9ED4E58B1AB468B100706363 /* Stage.cpp */,
				9E3C8EFA1AB31EA500AAE8D9 /* Stage.h */,
			);
			path = display;
			sourceTree = "<group>";
		};
		9E3C8EFB1AB31EA500AAE8D9 /* geom */ = {
			isa = PBXGroup;
			children = (
				9E3C8EFC1AB31EA500AAE8D9 /* Matrix.cpp */,
				9E3C8EFD1AB31EA500AAE8D9 /* Matrix.h */,
				9E3C8EFE1AB31EA500AAE8D9 /* Point.cpp */,
				9E3C8EFF1AB31EA500AAE8D9 /* Point.h */,
				9E3C8F001AB31EA500AAE8D9 /* Rectangle.cpp */,
				9E3C8F011AB31EA500AAE8D9 /* Rectangle.h */,
			);
			path = geom;
			sourceTree = "<group>";
		};
		9E3C8F021AB31EA500AAE8D9 /* util */ = {
			isa = PBXGroup;
			children = (
				9EFAEB511AB7182300ECB5D3 /* PVRData.cpp */,
				9EFAEB521AB7182300ECB5D3 /* PVRData.h */,
				9EFAEB531AB7182300ECB5D3 /* Utils.cpp */,
				9EFAEB541AB7182300ECB5D3 /* Utils.h */,
				9E3C8F031AB31EA500AAE8D9 /* Align.h */,
				9E3C8F041AB31EA500AAE8D9 /* Console.cpp */,
				9E3C8F051AB31EA500AAE8D9 /* Console.h */,
				9E3C8F061AB31EA500AAE8D9 /* VertexData.cpp */,
				9E3C8F071AB31EA500AAE8D9 /* VertexData.h */,
			);
			path = util;
			sourceTree = "<group>";
		};
		9EB272751AB8815500D5A855 /* textures */ = {
			isa = PBXGroup;
			children = (
				9EB272761AB8815500D5A855 /* GLTexture.cpp */,
				9EB272771AB8815500D5A855 /* GLTexture.h */,
				9EB272781AB8815500D5A855 /* SubTexture.cpp */,
				9EB272791AB8815500D5A855 /* SubTexture.h */,
				9EB2727A1AB8815500D5A855 /* Texture.cpp */,
				9EB2727B1AB8815500D5A855 /* Texture.h */,
				9EB2727C1AB8815500D5A855 /* TextureCache.cpp */,
				9EB2727D1AB8815500D5A855 /* TextureCache.h */,
			);
			path = textures;
			sourceTree = "<group>";
		};
		9EB2728B1ABB05DF00D5A855 /* base */ = {
			isa = PBXGroup;
			children = (
				9E6F86CA1AC67344001D1D75 /* AutoreleasePool.cpp */,
				9E6F86CB1AC67344001D1D75 /* AutoreleasePool.h */,
				9EB2728C1ABB05DF00D5A855 /* Copying.h */,
				9EB2728D1ABB05DF00D5A855 /* Data.h */,
				9EB2728E1ABB05DF00D5A855 /* Math.h */,
				9EB2728F1ABB05DF00D5A855 /* Object.h */,
				9EB272901ABB05DF00D5A855 /* Platform.h */,
			);
			path = base;
			sourceTree = "<group>";
		};
		9EB9E7921AAB2CD4002548FD /* third-party */ = {
			isa = PBXGroup;
			children = (
				9E3C8ED51AADE48900AAE8D9 /* Carbon.framework */,
				9E3C8ED31AADE47A00AAE8D9 /* CoreVideo.framework */,
				9E3C8ED11AADE46000AAE8D9 /* Cocoa.framework */,
				9E3C8ECF1AADE45300AAE8D9 /* IOKit.framework */,
				9E3C8ECD1AADE3A300AAE8D9 /* OpenGL.framework */,
				9E3C8ED71AADE59C00AAE8D9 /* libz.dylib */,
				9E3C8EC71AADE34800AAE8D9 /* libGLEW.a */,
				9E3C8EC81AADE34800AAE8D9 /* libglfw3.a */,
				9E3C8EC91AADE34800AAE8D9 /* libpng16.a */,
			);
			name = "third-party";
			sourceTree = "<group>";
		};
		9ED4E58F1AB46E2600706363 /* render */ = {
			isa = PBXGroup;
			children = (
				9E6F86C21AC2DFDA001D1D75 /* Context.cpp */,
				9E6F86C31AC2DFDA001D1D75 /* Context.h */,
				9EB2726E1AB8560D00D5A855 /* BaseEffect.cpp */,
				9EB2726F1AB8560D00D5A855 /* BaseEffect.h */,
				9EFAEB4F1AB7180A00ECB5D3 /* OpenGL.h */,
				9EB272701AB8560D00D5A855 /* Program.cpp */,
				9EB272711AB8560D00D5A855 /* Program.h */,
				9EB272821AB8817F00D5A855 /* ProgramCache.cpp */,
				9EB272831AB8817F00D5A855 /* ProgramCache.h */,
				9EB272881ABB05BD00D5A855 /* RenderState.cpp */,
				9EB272891ABB05BD00D5A855 /* RenderState.h */,
				9ED4E5901AB46E5900706363 /* RenderSupport.cpp */,
				9ED4E5911AB46E5900706363 /* RenderSupport.h */,
			);
			path = render;
			sourceTree = "<group>";
		};
/* End PBXGroup section */

/* Begin PBXNativeTarget section */
		9E1D66C11A947D88002BD912 /* xGame2D */ = {
			isa = PBXNativeTarget;
			buildConfigurationList = 9E1D66DF1A947D88002BD912 /* Build configuration list for PBXNativeTarget "xGame2D" */;
			buildPhases = (
				9E1D66BE1A947D88002BD912 /* Sources */,
				9E1D66BF1A947D88002BD912 /* Frameworks */,
				9E1D66C01A947D88002BD912 /* Resources */,
				9E697C541AADCFBD0016FFF2 /* Embed Frameworks */,
			);
			buildRules = (
			);
			dependencies = (
			);
			name = xGame2D;
			productName = xGame2D;
			productReference = 9E1D66C21A947D88002BD912 /* xGame2D.app */;
			productType = "com.apple.product-type.application";
		};
/* End PBXNativeTarget section */

/* Begin PBXProject section */
		9E1D66BA1A947D88002BD912 /* Project object */ = {
			isa = PBXProject;
			attributes = {
				LastUpgradeCheck = 0610;
				ORGANIZATIONNAME = leafnsand;
				TargetAttributes = {
					9E1D66C11A947D88002BD912 = {
						CreatedOnToolsVersion = 6.1.1;
					};
				};
			};
			buildConfigurationList = 9E1D66BD1A947D88002BD912 /* Build configuration list for PBXProject "xGame2D" */;
			compatibilityVersion = "Xcode 3.2";
			developmentRegion = English;
			hasScannedForEncodings = 0;
			knownRegions = (
				en,
				Base,
			);
			mainGroup = 9E1D66B91A947D88002BD912;
			productRefGroup = 9E1D66C31A947D88002BD912 /* Products */;
			projectDirPath = "";
			projectRoot = "";
			targets = (
				9E1D66C11A947D88002BD912 /* xGame2D */,
			);
		};
/* End PBXProject section */

/* Begin PBXResourcesBuildPhase section */
		9E1D66C01A947D88002BD912 /* Resources */ = {
			isa = PBXResourcesBuildPhase;
			buildActionMask = 2147483647;
			files = (
			);
			runOnlyForDeploymentPostprocessing = 0;
		};
/* End PBXResourcesBuildPhase section */

/* Begin PBXSourcesBuildPhase section */
		9E1D66BE1A947D88002BD912 /* Sources */ = {
			isa = PBXSourcesBuildPhase;
			buildActionMask = 2147483647;
			files = (
				9EFAEB551AB7182300ECB5D3 /* PVRData.cpp in Sources */,
				9EB272E21ABB0BB500D5A855 /* Image.cpp in Sources */,
				9EB272841AB8817F00D5A855 /* ProgramCache.cpp in Sources */,
				9ED4E58C1AB468B100706363 /* BlendMode.cpp in Sources */,
				9E6F86C41AC2DFDA001D1D75 /* Context.cpp in Sources */,
				9EB272871ABB05A700D5A855 /* Sprite.cpp in Sources */,
				9EB272811AB8815500D5A855 /* TextureCache.cpp in Sources */,
				9E3C8F0D1AB31EA500AAE8D9 /* VertexData.cpp in Sources */,
				9E6F86CC1AC67344001D1D75 /* AutoreleasePool.cpp in Sources */,
				9E3C8F0A1AB31EA500AAE8D9 /* Point.cpp in Sources */,
				9ED4E5921AB46E5900706363 /* RenderSupport.cpp in Sources */,
				9EB272801AB8815500D5A855 /* Texture.cpp in Sources */,
				9EB2728A1ABB05BD00D5A855 /* RenderState.cpp in Sources */,
				9ED4E58E1AB468B100706363 /* Stage.cpp in Sources */,
				9E3C8F091AB31EA500AAE8D9 /* Matrix.cpp in Sources */,
				9EB272CF1ABB05DF00D5A855 /* Game.cpp in Sources */,
				9EB272731AB8560D00D5A855 /* Program.cpp in Sources */,
				9EB272721AB8560D00D5A855 /* BaseEffect.cpp in Sources */,
				9ED4E58D1AB468B100706363 /* Quad.cpp in Sources */,
				9ED4E5861AB340A500706363 /* DisplayObjectContainer.cpp in Sources */,
				9EFAEB561AB7182300ECB5D3 /* Utils.cpp in Sources */,
				9EB2727E1AB8815500D5A855 /* GLTexture.cpp in Sources */,
				9E3C8EE21AAF31E900AAE8D9 /* main.cpp in Sources */,
				9E3C8F0C1AB31EA500AAE8D9 /* Console.cpp in Sources */,
				9E3C8F0B1AB31EA500AAE8D9 /* Rectangle.cpp in Sources */,
				9E3C8F081AB31EA500AAE8D9 /* DisplayObject.cpp in Sources */,
				9EFAEB591AB71A9C00ECB5D3 /* QuadBatch.cpp in Sources */,
				9EB2727F1AB8815500D5A855 /* SubTexture.cpp in Sources */,
			);
			runOnlyForDeploymentPostprocessing = 0;
		};
/* End PBXSourcesBuildPhase section */

/* Begin XCBuildConfiguration section */
		9E1D66DD1A947D88002BD912 /* Debug */ = {
			isa = XCBuildConfiguration;
			buildSettings = {
				ALWAYS_SEARCH_USER_PATHS = NO;
				CLANG_CXX_LANGUAGE_STANDARD = "gnu++0x";
				CLANG_CXX_LIBRARY = "libc++";
				CLANG_ENABLE_MODULES = YES;
				CLANG_ENABLE_OBJC_ARC = YES;
				CLANG_WARN_BOOL_CONVERSION = YES;
				CLANG_WARN_CONSTANT_CONVERSION = YES;
				CLANG_WARN_DIRECT_OBJC_ISA_USAGE = YES_ERROR;
				CLANG_WARN_EMPTY_BODY = YES;
				CLANG_WARN_ENUM_CONVERSION = YES;
				CLANG_WARN_INT_CONVERSION = YES;
				CLANG_WARN_OBJC_ROOT_CLASS = YES_ERROR;
				CLANG_WARN_UNREACHABLE_CODE = YES;
				CLANG_WARN__DUPLICATE_METHOD_MATCH = YES;
				CODE_SIGN_IDENTITY = "-";
				COPY_PHASE_STRIP = NO;
				ENABLE_STRICT_OBJC_MSGSEND = YES;
				GCC_C_LANGUAGE_STANDARD = gnu99;
				GCC_DYNAMIC_NO_PIC = NO;
				GCC_OPTIMIZATION_LEVEL = 0;
				GCC_PREPROCESSOR_DEFINITIONS = (
					"DEBUG=1",
					"$(inherited)",
				);
				GCC_SYMBOLS_PRIVATE_EXTERN = NO;
				GCC_WARN_64_TO_32_BIT_CONVERSION = YES;
				GCC_WARN_ABOUT_RETURN_TYPE = YES_ERROR;
				GCC_WARN_UNDECLARED_SELECTOR = YES;
				GCC_WARN_UNINITIALIZED_AUTOS = YES_AGGRESSIVE;
				GCC_WARN_UNUSED_FUNCTION = YES;
				GCC_WARN_UNUSED_VARIABLE = YES;
				MACOSX_DEPLOYMENT_TARGET = 10.10;
				MTL_ENABLE_DEBUG_INFO = YES;
				ONLY_ACTIVE_ARCH = YES;
				SDKROOT = macosx;
			};
			name = Debug;
		};
		9E1D66DE1A947D88002BD912 /* Release */ = {
			isa = XCBuildConfiguration;
			buildSettings = {
				ALWAYS_SEARCH_USER_PATHS = NO;
				CLANG_CXX_LANGUAGE_STANDARD = "gnu++0x";
				CLANG_CXX_LIBRARY = "libc++";
				CLANG_ENABLE_MODULES = YES;
				CLANG_ENABLE_OBJC_ARC = YES;
				CLANG_WARN_BOOL_CONVERSION = YES;
				CLANG_WARN_CONSTANT_CONVERSION = YES;
				CLANG_WARN_DIRECT_OBJC_ISA_USAGE = YES_ERROR;
				CLANG_WARN_EMPTY_BODY = YES;
				CLANG_WARN_ENUM_CONVERSION = YES;
				CLANG_WARN_INT_CONVERSION = YES;
				CLANG_WARN_OBJC_ROOT_CLASS = YES_ERROR;
				CLANG_WARN_UNREACHABLE_CODE = YES;
				CLANG_WARN__DUPLICATE_METHOD_MATCH = YES;
				CODE_SIGN_IDENTITY = "-";
				COPY_PHASE_STRIP = YES;
				DEBUG_INFORMATION_FORMAT = "dwarf-with-dsym";
				ENABLE_NS_ASSERTIONS = NO;
				ENABLE_STRICT_OBJC_MSGSEND = YES;
				GCC_C_LANGUAGE_STANDARD = gnu99;
				GCC_WARN_64_TO_32_BIT_CONVERSION = YES;
				GCC_WARN_ABOUT_RETURN_TYPE = YES_ERROR;
				GCC_WARN_UNDECLARED_SELECTOR = YES;
				GCC_WARN_UNINITIALIZED_AUTOS = YES_AGGRESSIVE;
				GCC_WARN_UNUSED_FUNCTION = YES;
				GCC_WARN_UNUSED_VARIABLE = YES;
				MACOSX_DEPLOYMENT_TARGET = 10.10;
				MTL_ENABLE_DEBUG_INFO = NO;
				SDKROOT = macosx;
			};
			name = Release;
		};
		9E1D66E01A947D88002BD912 /* Debug */ = {
			isa = XCBuildConfiguration;
			buildSettings = {
				ASSETCATALOG_COMPILER_APPICON_NAME = AppIcon;
				CLANG_ENABLE_MODULES = NO;
				COMBINE_HIDPI_IMAGES = YES;
				FRAMEWORK_SEARCH_PATHS = "";
				HEADER_SEARCH_PATHS = (
					"$(inherited)",
					/Applications/Xcode.app/Contents/Developer/Toolchains/XcodeDefault.xctoolchain/usr/include,
					"$(SRCROOT)/../third-party/mac/include",
					"$(SRCROOT)/../src",
				);
				INFOPLIST_FILE = "$(SRCROOT)/Info.plist";
				LD_DYLIB_INSTALL_NAME = "";
				LD_RUNPATH_SEARCH_PATHS = "$(inherited) @executable_path/../Frameworks";
				LIBRARY_SEARCH_PATHS = "$(SRCROOT)/../third-party/mac/lib";
				LINK_WITH_STANDARD_LIBRARIES = YES;
				PRODUCT_NAME = "$(TARGET_NAME)";
			};
			name = Debug;
		};
		9E1D66E11A947D88002BD912 /* Release */ = {
			isa = XCBuildConfiguration;
			buildSettings = {
				ASSETCATALOG_COMPILER_APPICON_NAME = AppIcon;
				CLANG_ENABLE_MODULES = NO;
				COMBINE_HIDPI_IMAGES = YES;
				FRAMEWORK_SEARCH_PATHS = "";
				HEADER_SEARCH_PATHS = (
					"$(inherited)",
					/Applications/Xcode.app/Contents/Developer/Toolchains/XcodeDefault.xctoolchain/usr/include,
					"$(SRCROOT)/../third-party/mac/include",
					"$(SRCROOT)/../src",
				);
				INFOPLIST_FILE = "$(SRCROOT)/Info.plist";
				LD_DYLIB_INSTALL_NAME = "";
				LD_RUNPATH_SEARCH_PATHS = "$(inherited) @executable_path/../Frameworks";
				LIBRARY_SEARCH_PATHS = "$(SRCROOT)/../third-party/mac/lib";
				LINK_WITH_STANDARD_LIBRARIES = YES;
				PRODUCT_NAME = "$(TARGET_NAME)";
			};
			name = Release;
		};
/* End XCBuildConfiguration section */

/* Begin XCConfigurationList section */
		9E1D66BD1A947D88002BD912 /* Build configuration list for PBXProject "xGame2D" */ = {
			isa = XCConfigurationList;
			buildConfigurations = (
				9E1D66DD1A947D88002BD912 /* Debug */,
				9E1D66DE1A947D88002BD912 /* Release */,
			);
			defaultConfigurationIsVisible = 0;
			defaultConfigurationName = Release;
		};
		9E1D66DF1A947D88002BD912 /* Build configuration list for PBXNativeTarget "xGame2D" */ = {
			isa = XCConfigurationList;
			buildConfigurations = (
				9E1D66E01A947D88002BD912 /* Debug */,
				9E1D66E11A947D88002BD912 /* Release */,
			);
			defaultConfigurationIsVisible = 0;
			defaultConfigurationName = Release;
		};
/* End XCConfigurationList section */
	};
	rootObject = 9E1D66BA1A947D88002BD912 /* Project object */;
}
